
Microsoft Visual Studio Solution File, Format Version 12.00
# Visual Studio Version 17
VisualStudioVersion = 17.3.32804.467
MinimumVisualStudioVersion = 10.0.40219.1
Project("{FAE04EC0-301F-11D3-BF4B-00C04F79EFBC}") = "UserManager.Test", "UserManager.Test\UserManager.Test.csproj", "{1640C303-1B09-48E7-A6F5-ACC50119D267}"
EndProject
Project("{FAE04EC0-301F-11D3-BF4B-00C04F79EFBC}") = "UserManager.Core", "UserManager.Core\UserManager.Core.csproj", "{BD809285-23AA-44DB-9ED3-402D62089507}"
EndProject
Project("{FAE04EC0-301F-11D3-BF4B-00C04F79EFBC}") = "UserManager.Data", "UserManager.Data\UserManager.Data.csproj", "{150EE529-822F-49AA-A32E-3DFCD2C1C72F}"
EndProject
Project("{FAE04EC0-301F-11D3-BF4B-00C04F79EFBC}") = "UserManager.Model", "UserManager.Model\UserManager.Model.csproj", "{1AF61E96-0209-4A28-92B8-0184A18D74D3}"
EndProject
Project("{FAE04EC0-301F-11D3-BF4B-00C04F79EFBC}") = "UserManager.ViewModel", "UserManager.ViewModel\UserManager.ViewModel.csproj", "{AE067400-43AC-4890-A2B8-3A6884D7EDF4}"
EndProject
Project("{FAE04EC0-301F-11D3-BF4B-00C04F79EFBC}") = "UserManager.View", "UserManager.View\UserManager.View.csproj", "{D664F5F3-73FC-4CFA-9A77-92BCDD49522E}"
EndProject
Global
	GlobalSection(SolutionConfigurationPlatforms) = preSolution
		Debug|Any CPU = Debug|Any CPU
		Release|Any CPU = Release|Any CPU
	EndGlobalSection
	GlobalSection(ProjectConfigurationPlatforms) = postSolution
		{1640C303-1B09-48E7-A6F5-ACC50119D267}.Debug|Any CPU.ActiveCfg = Debug|Any CPU
		{1640C303-1B09-48E7-A6F5-ACC50119D267}.Debug|Any CPU.Build.0 = Debug|Any CPU
		{1640C303-1B09-48E7-A6F5-ACC50119D267}.Release|Any CPU.ActiveCfg = Release|Any CPU
		{1640C303-1B09-48E7-A6F5-ACC50119D267}.Release|Any CPU.Build.0 = Release|Any CPU
		{BD809285-23AA-44DB-9ED3-402D62089507}.Debug|Any CPU.ActiveCfg = Debug|Any CPU
		{BD809285-23AA-44DB-9ED3-402D62089507}.Debug|Any CPU.Build.0 = Debug|Any CPU
		{BD809285-23AA-44DB-9ED3-402D62089507}.Release|Any CPU.ActiveCfg = Release|Any CPU
		{BD809285-23AA-44DB-9ED3-402D62089507}.Release|Any CPU.Build.0 = Release|Any CPU
		{150EE529-822F-49AA-A32E-3DFCD2C1C72F}.Debug|Any CPU.ActiveCfg = Debug|Any CPU
		{150EE529-822F-49AA-A32E-3DFCD2C1C72F}.Debug|Any CPU.Build.0 = Debug|Any CPU
		{150EE529-822F-49AA-A32E-3DFCD2C1C72F}.Release|Any CPU.ActiveCfg = Release|Any CPU
		{150EE529-822F-49AA-A32E-3DFCD2C1C72F}.Release|Any CPU.Build.0 = Release|Any CPU
		{1AF61E96-0209-4A28-92B8-0184A18D74D3}.Debug|Any CPU.ActiveCfg = Debug|Any CPU
		{1AF61E96-0209-4A28-92B8-0184A18D74D3}.Debug|Any CPU.Build.0 = Debug|Any CPU
		{1AF61E96-0209-4A28-92B8-0184A18D74D3}.Release|Any CPU.ActiveCfg = Release|Any CPU
		{1AF61E96-0209-4A28-92B8-0184A18D74D3}.Release|Any CPU.Build.0 = Release|Any CPU
		{AE067400-43AC-4890-A2B8-3A6884D7EDF4}.Debug|Any CPU.ActiveCfg = Debug|Any CPU
		{AE067400-43AC-4890-A2B8-3A6884D7EDF4}.Debug|Any CPU.Build.0 = Debug|Any CPU
		{AE067400-43AC-4890-A2B8-3A6884D7EDF4}.Release|Any CPU.ActiveCfg = Release|Any CPU
		{AE067400-43AC-4890-A2B8-3A6884D7EDF4}.Release|Any CPU.Build.0 = Release|Any CPU
		{D664F5F3-73FC-4CFA-9A77-92BCDD49522E}.Debug|Any CPU.ActiveCfg = Debug|Any CPU
		{D664F5F3-73FC-4CFA-9A77-92BCDD49522E}.Debug|Any CPU.Build.0 = Debug|Any CPU
		{D664F5F3-73FC-4CFA-9A77-92BCDD49522E}.Release|Any CPU.ActiveCfg = Release|Any CPU
		{D664F5F3-73FC-4CFA-9A77-92BCDD49522E}.Release|Any CPU.Build.0 = Release|Any CPU
	EndGlobalSection
	GlobalSection(SolutionProperties) = preSolution
		HideSolutionNode = FALSE
	EndGlobalSection
	GlobalSection(ExtensibilityGlobals) = postSolution
		SolutionGuid = {89E82141-BB5F-440A-B0ED-7D157E392D02}
	EndGlobalSection
EndGlobal
